
Microsoft Visual Studio Solution File, Format Version 12.00
# Visual Studio Version 17
VisualStudioVersion = 17.10.35201.131
MinimumVisualStudioVersion = 10.0.40219.1
Project("{FAE04EC0-301F-11D3-BF4B-00C04F79EFBC}") = "AgentsRest", "AgentsRest\AgentsRest.csproj", "{247A8D62-0296-4315-A774-214FAF708EEB}"
EndProject
Global
	GlobalSection(SolutionConfigurationPlatforms) = preSolution
		Debug|Any CPU = Debug|Any CPU
		Release|Any CPU = Release|Any CPU
	EndGlobalSection
	GlobalSection(ProjectConfigurationPlatforms) = postSolution
		{247A8D62-0296-4315-A774-214FAF708EEB}.Debug|Any CPU.ActiveCfg = Debug|Any CPU
		{247A8D62-0296-4315-A774-214FAF708EEB}.Debug|Any CPU.Build.0 = Debug|Any CPU
		{247A8D62-0296-4315-A774-214FAF708EEB}.Release|Any CPU.ActiveCfg = Release|Any CPU
		{247A8D62-0296-4315-A774-214FAF708EEB}.Release|Any CPU.Build.0 = Release|Any CPU
	EndGlobalSection
	GlobalSection(SolutionProperties) = preSolution
		HideSolutionNode = FALSE
	EndGlobalSection
	GlobalSection(ExtensibilityGlobals) = postSolution
		SolutionGuid = {85C4ADAA-F4D5-4DED-AB7C-D5359E3E698A}
	EndGlobalSection
EndGlobal
